
Microsoft Visual Studio Solution File, Format Version 12.00
# Visual Studio Version 17
VisualStudioVersion = 17.9.34607.119
MinimumVisualStudioVersion = 10.0.40219.1
Project("{FAE04EC0-301F-11D3-BF4B-00C04F79EFBC}") = "pdfdatareader", "pdfdatareader.csproj", "{564D1A3E-A484-4525-AC08-378FF96FEB46}"
EndProject
Global
	GlobalSection(SolutionConfigurationPlatforms) = preSolution
		Debug|Any CPU = Debug|Any CPU
		Release|Any CPU = Release|Any CPU
	EndGlobalSection
	GlobalSection(ProjectConfigurationPlatforms) = postSolution
		{564D1A3E-A484-4525-AC08-378FF96FEB46}.Debug|Any CPU.ActiveCfg = Debug|Any CPU
		{564D1A3E-A484-4525-AC08-378FF96FEB46}.Debug|Any CPU.Build.0 = Debug|Any CPU
		{564D1A3E-A484-4525-AC08-378FF96FEB46}.Release|Any CPU.ActiveCfg = Release|Any CPU
		{564D1A3E-A484-4525-AC08-378FF96FEB46}.Release|Any CPU.Build.0 = Release|Any CPU
	EndGlobalSection
	GlobalSection(SolutionProperties) = preSolution
		HideSolutionNode = FALSE
	EndGlobalSection
	GlobalSection(ExtensibilityGlobals) = postSolution
		SolutionGuid = {B3D7539A-60CF-445E-BE29-AF11A3D70BF2}
	EndGlobalSection
EndGlobal
